
Microsoft Visual Studio Solution File, Format Version 12.00
# Visual Studio Version 16
VisualStudioVersion = 16.0.30611.23
MinimumVisualStudioVersion = 10.0.40219.1
Project("{FAE04EC0-301F-11D3-BF4B-00C04F79EFBC}") = "connectionwithdb", "connectionwithdb.csproj", "{AFC7E4F4-F0B0-4539-81D2-D07773EE27CC}"
EndProject
Global
	GlobalSection(SolutionConfigurationPlatforms) = preSolution
		Debug|Any CPU = Debug|Any CPU
		Release|Any CPU = Release|Any CPU
	EndGlobalSection
	GlobalSection(ProjectConfigurationPlatforms) = postSolution
		{AFC7E4F4-F0B0-4539-81D2-D07773EE27CC}.Debug|Any CPU.ActiveCfg = Debug|Any CPU
		{AFC7E4F4-F0B0-4539-81D2-D07773EE27CC}.Debug|Any CPU.Build.0 = Debug|Any CPU
		{AFC7E4F4-F0B0-4539-81D2-D07773EE27CC}.Release|Any CPU.ActiveCfg = Release|Any CPU
		{AFC7E4F4-F0B0-4539-81D2-D07773EE27CC}.Release|Any CPU.Build.0 = Release|Any CPU
	EndGlobalSection
	GlobalSection(SolutionProperties) = preSolution
		HideSolutionNode = FALSE
	EndGlobalSection
	GlobalSection(ExtensibilityGlobals) = postSolution
		SolutionGuid = {85DFD18D-B7A5-4025-A159-EEBDAEEA9473}
	EndGlobalSection
EndGlobal
